
Microsoft Visual Studio Solution File, Format Version 12.00
# Visual Studio 15
VisualStudioVersion = 15.0.27130.2027
MinimumVisualStudioVersion = 10.0.40219.1
Project("{2150E333-8FDC-42A3-9474-1A3956D46DE8}") = "Core Providers", "Core Providers", "{0F3E0065-6DC2-4310-A7C4-E81283247A48}"
EndProject
Project("{FAE04EC0-301F-11D3-BF4B-00C04F79EFBC}") = "DTOs", "Source\DataObjects\DTOs.csproj", "{81851977-0421-4EBD-B066-0FE03F02589E}"
EndProject
Project("{FAE04EC0-301F-11D3-BF4B-00C04F79EFBC}") = "ProviderInterface", "Source\ProviderInterface\ProviderInterface.csproj", "{F6EAF2BC-F362-4ECD-94E5-617CA37A4210}"
EndProject
Project("{FAE04EC0-301F-11D3-BF4B-00C04F79EFBC}") = "Core", "Source\Core\Core.csproj", "{D9447B59-4B62-4BD8-BE91-5F5AB1D8F1BD}"
EndProject
Project("{FAE04EC0-301F-11D3-BF4B-00C04F79EFBC}") = "TestApp", "Source\TestApp\TestApp.csproj", "{5127F99D-BEFF-45AC-A52C-9C0BE6DE1F70}"
	ProjectSection(ProjectDependencies) = postProject
		{30781D26-C5B4-4F6F-B21D-F3357E43A192} = {30781D26-C5B4-4F6F-B21D-F3357E43A192}
		{2A15AF30-2919-42B1-95B4-CE0BFDB924FB} = {2A15AF30-2919-42B1-95B4-CE0BFDB924FB}
		{10A9A35A-9CEC-4271-AD68-65A9661638F6} = {10A9A35A-9CEC-4271-AD68-65A9661638F6}
		{3473E273-6859-49B3-A782-E4C7A5BF51F4} = {3473E273-6859-49B3-A782-E4C7A5BF51F4}
		{AA825875-9CB0-4973-BB5C-CFC53962D1C2} = {AA825875-9CB0-4973-BB5C-CFC53962D1C2}
		{2072B5A7-8069-433C-B4DB-E150C26E9A49} = {2072B5A7-8069-433C-B4DB-E150C26E9A49}
		{081E0DB4-2B91-418E-A609-C1B70DDDFECB} = {081E0DB4-2B91-418E-A609-C1B70DDDFECB}
		{45FB25BC-4826-4CD1-8FD0-B669176496E1} = {45FB25BC-4826-4CD1-8FD0-B669176496E1}
		{F6EAF2BC-F362-4ECD-94E5-617CA37A4210} = {F6EAF2BC-F362-4ECD-94E5-617CA37A4210}
	EndProjectSection
EndProject
Project("{FAE04EC0-301F-11D3-BF4B-00C04F79EFBC}") = "Core_DS4WindowsApi", "Source\Core Providers\Core_DS4WindowsApi\Core_DS4WindowsApi.csproj", "{45FB25BC-4826-4CD1-8FD0-B669176496E1}"
EndProject
Project("{FAE04EC0-301F-11D3-BF4B-00C04F79EFBC}") = "Core_Interception", "Source\Core Providers\Core_Interception\Core_Interception.csproj", "{3473E273-6859-49B3-A782-E4C7A5BF51F4}"
EndProject
Project("{FAE04EC0-301F-11D3-BF4B-00C04F79EFBC}") = "Core_ViGEm", "Source\Core Providers\Core_ViGEm\Core_ViGEm.csproj", "{2A15AF30-2919-42B1-95B4-CE0BFDB924FB}"
EndProject
Project("{FAE04EC0-301F-11D3-BF4B-00C04F79EFBC}") = "Core_vJoyInterfaceWrap", "Source\Core Providers\Core_vJoyInterfaceWrap\Core_vJoyInterfaceWrap.csproj", "{10A9A35A-9CEC-4271-AD68-65A9661638F6}"
EndProject
Project("{FAE04EC0-301F-11D3-BF4B-00C04F79EFBC}") = "Core_TitanOne", "Source\Core Providers\Core_TitanOne\Core_TitanOne.csproj", "{081E0DB4-2B91-418E-A609-C1B70DDDFECB}"
EndProject
Project("{FAE04EC0-301F-11D3-BF4B-00C04F79EFBC}") = "SharpDX_DirectInput", "Source\Core Providers\SharpDX_DirectInput\SharpDX_DirectInput.csproj", "{AA825875-9CB0-4973-BB5C-CFC53962D1C2}"
EndProject
Project("{FAE04EC0-301F-11D3-BF4B-00C04F79EFBC}") = "SharpDX_XInput", "Source\Core Providers\SharpDX_XInput\SharpDX_XInput.csproj", "{2072B5A7-8069-433C-B4DB-E150C26E9A49}"
EndProject
Project("{FAE04EC0-301F-11D3-BF4B-00C04F79EFBC}") = "Core_Tobii_Interaction", "Source\Core Providers\Core_Tobii_Interaction\Core_Tobii_Interaction.csproj", "{30781D26-C5B4-4F6F-B21D-F3357E43A192}"
EndProject
Project("{2150E333-8FDC-42A3-9474-1A3956D46DE8}") = "Provider Libraries", "Provider Libraries", "{465C44E5-C33F-4367-8CAD-D27771E2EA18}"
EndProject
Project("{FAE04EC0-301F-11D3-BF4B-00C04F79EFBC}") = "SubscriptionDictionaryWrapper", "Source\Provider Libraries\SubscriptionDictionaryWrapper\SubscriptionDictionaryWrapper.csproj", "{B63C6F07-3D10-4A2D-8E78-87A8BF43220B}"
EndProject
Project("{FAE04EC0-301F-11D3-BF4B-00C04F79EFBC}") = "HidDeviceHelper", "Source\Provider Libraries\HidDeviceHelper\HidDeviceHelper.csproj", "{5C0547B8-FCA1-436B-B6DD-1061F04CAD36}"
EndProject
Project("{FAE04EC0-301F-11D3-BF4B-00C04F79EFBC}") = "ProviderHelpers", "Source\Provider Libraries\ProviderHelpers\ProviderHelpers.csproj", "{3D5AFCCE-CB28-401C-83B0-20C0BA5FD8F3}"
EndProject
Project("{FAE04EC0-301F-11D3-BF4B-00C04F79EFBC}") = "ProviderLogger", "Source\Provider Libraries\ProviderLogger\ProviderLogger.csproj", "{996ECB47-004C-4216-BBDF-AE023DA3DF1F}"
EndProject
Project("{FAE04EC0-301F-11D3-BF4B-00C04F79EFBC}") = "PollingDeviceHandlers", "Source\Provider Libraries\PollingDeviceHandlers\PollingDeviceHandlers.csproj", "{04FA4D8A-D5D2-4477-8AED-021239CE95AE}"
EndProject
Global
	GlobalSection(SolutionConfigurationPlatforms) = preSolution
		Debug|Any CPU = Debug|Any CPU
		Release|Any CPU = Release|Any CPU
	EndGlobalSection
	GlobalSection(ProjectConfigurationPlatforms) = postSolution
		{81851977-0421-4EBD-B066-0FE03F02589E}.Debug|Any CPU.ActiveCfg = Debug|Any CPU
		{81851977-0421-4EBD-B066-0FE03F02589E}.Debug|Any CPU.Build.0 = Debug|Any CPU
		{81851977-0421-4EBD-B066-0FE03F02589E}.Release|Any CPU.ActiveCfg = Release|Any CPU
		{81851977-0421-4EBD-B066-0FE03F02589E}.Release|Any CPU.Build.0 = Release|Any CPU
		{F6EAF2BC-F362-4ECD-94E5-617CA37A4210}.Debug|Any CPU.ActiveCfg = Debug|Any CPU
		{F6EAF2BC-F362-4ECD-94E5-617CA37A4210}.Debug|Any CPU.Build.0 = Debug|Any CPU
		{F6EAF2BC-F362-4ECD-94E5-617CA37A4210}.Release|Any CPU.ActiveCfg = Release|Any CPU
		{F6EAF2BC-F362-4ECD-94E5-617CA37A4210}.Release|Any CPU.Build.0 = Release|Any CPU
		{D9447B59-4B62-4BD8-BE91-5F5AB1D8F1BD}.Debug|Any CPU.ActiveCfg = Debug|Any CPU
		{D9447B59-4B62-4BD8-BE91-5F5AB1D8F1BD}.Debug|Any CPU.Build.0 = Debug|Any CPU
		{D9447B59-4B62-4BD8-BE91-5F5AB1D8F1BD}.Release|Any CPU.ActiveCfg = Release|Any CPU
		{D9447B59-4B62-4BD8-BE91-5F5AB1D8F1BD}.Release|Any CPU.Build.0 = Release|Any CPU
		{5127F99D-BEFF-45AC-A52C-9C0BE6DE1F70}.Debug|Any CPU.ActiveCfg = Debug|Any CPU
		{5127F99D-BEFF-45AC-A52C-9C0BE6DE1F70}.Debug|Any CPU.Build.0 = Debug|Any CPU
		{5127F99D-BEFF-45AC-A52C-9C0BE6DE1F70}.Release|Any CPU.ActiveCfg = Release|Any CPU
		{5127F99D-BEFF-45AC-A52C-9C0BE6DE1F70}.Release|Any CPU.Build.0 = Release|Any CPU
		{45FB25BC-4826-4CD1-8FD0-B669176496E1}.Debug|Any CPU.ActiveCfg = Debug|Any CPU
		{45FB25BC-4826-4CD1-8FD0-B669176496E1}.Debug|Any CPU.Build.0 = Debug|Any CPU
		{45FB25BC-4826-4CD1-8FD0-B669176496E1}.Release|Any CPU.ActiveCfg = Release|Any CPU
		{45FB25BC-4826-4CD1-8FD0-B669176496E1}.Release|Any CPU.Build.0 = Release|Any CPU
		{3473E273-6859-49B3-A782-E4C7A5BF51F4}.Debug|Any CPU.ActiveCfg = Debug|Any CPU
		{3473E273-6859-49B3-A782-E4C7A5BF51F4}.Debug|Any CPU.Build.0 = Debug|Any CPU
		{3473E273-6859-49B3-A782-E4C7A5BF51F4}.Release|Any CPU.ActiveCfg = Release|Any CPU
		{3473E273-6859-49B3-A782-E4C7A5BF51F4}.Release|Any CPU.Build.0 = Release|Any CPU
		{2A15AF30-2919-42B1-95B4-CE0BFDB924FB}.Debug|Any CPU.ActiveCfg = Debug|Any CPU
		{2A15AF30-2919-42B1-95B4-CE0BFDB924FB}.Debug|Any CPU.Build.0 = Debug|Any CPU
		{2A15AF30-2919-42B1-95B4-CE0BFDB924FB}.Release|Any CPU.ActiveCfg = Release|Any CPU
		{2A15AF30-2919-42B1-95B4-CE0BFDB924FB}.Release|Any CPU.Build.0 = Release|Any CPU
		{10A9A35A-9CEC-4271-AD68-65A9661638F6}.Debug|Any CPU.ActiveCfg = Debug|Any CPU
		{10A9A35A-9CEC-4271-AD68-65A9661638F6}.Debug|Any CPU.Build.0 = Debug|Any CPU
		{10A9A35A-9CEC-4271-AD68-65A9661638F6}.Release|Any CPU.ActiveCfg = Release|Any CPU
		{10A9A35A-9CEC-4271-AD68-65A9661638F6}.Release|Any CPU.Build.0 = Release|Any CPU
		{081E0DB4-2B91-418E-A609-C1B70DDDFECB}.Debug|Any CPU.ActiveCfg = Debug|Any CPU
		{081E0DB4-2B91-418E-A609-C1B70DDDFECB}.Debug|Any CPU.Build.0 = Debug|Any CPU
		{081E0DB4-2B91-418E-A609-C1B70DDDFECB}.Release|Any CPU.ActiveCfg = Release|Any CPU
		{081E0DB4-2B91-418E-A609-C1B70DDDFECB}.Release|Any CPU.Build.0 = Release|Any CPU
		{AA825875-9CB0-4973-BB5C-CFC53962D1C2}.Debug|Any CPU.ActiveCfg = Debug|Any CPU
		{AA825875-9CB0-4973-BB5C-CFC53962D1C2}.Debug|Any CPU.Build.0 = Debug|Any CPU
		{AA825875-9CB0-4973-BB5C-CFC53962D1C2}.Release|Any CPU.ActiveCfg = Release|Any CPU
		{AA825875-9CB0-4973-BB5C-CFC53962D1C2}.Release|Any CPU.Build.0 = Release|Any CPU
		{2072B5A7-8069-433C-B4DB-E150C26E9A49}.Debug|Any CPU.ActiveCfg = Debug|Any CPU
		{2072B5A7-8069-433C-B4DB-E150C26E9A49}.Debug|Any CPU.Build.0 = Debug|Any CPU
		{2072B5A7-8069-433C-B4DB-E150C26E9A49}.Release|Any CPU.ActiveCfg = Release|Any CPU
		{2072B5A7-8069-433C-B4DB-E150C26E9A49}.Release|Any CPU.Build.0 = Release|Any CPU
		{30781D26-C5B4-4F6F-B21D-F3357E43A192}.Debug|Any CPU.ActiveCfg = Debug|Any CPU
		{30781D26-C5B4-4F6F-B21D-F3357E43A192}.Debug|Any CPU.Build.0 = Debug|Any CPU
		{30781D26-C5B4-4F6F-B21D-F3357E43A192}.Release|Any CPU.ActiveCfg = Release|Any CPU
		{30781D26-C5B4-4F6F-B21D-F3357E43A192}.Release|Any CPU.Build.0 = Release|Any CPU
		{B63C6F07-3D10-4A2D-8E78-87A8BF43220B}.Debug|Any CPU.ActiveCfg = Debug|Any CPU
		{B63C6F07-3D10-4A2D-8E78-87A8BF43220B}.Debug|Any CPU.Build.0 = Debug|Any CPU
		{B63C6F07-3D10-4A2D-8E78-87A8BF43220B}.Release|Any CPU.ActiveCfg = Release|Any CPU
		{B63C6F07-3D10-4A2D-8E78-87A8BF43220B}.Release|Any CPU.Build.0 = Release|Any CPU
		{5C0547B8-FCA1-436B-B6DD-1061F04CAD36}.Debug|Any CPU.ActiveCfg = Debug|Any CPU
		{5C0547B8-FCA1-436B-B6DD-1061F04CAD36}.Debug|Any CPU.Build.0 = Debug|Any CPU
		{5C0547B8-FCA1-436B-B6DD-1061F04CAD36}.Release|Any CPU.ActiveCfg = Release|Any CPU
		{5C0547B8-FCA1-436B-B6DD-1061F04CAD36}.Release|Any CPU.Build.0 = Release|Any CPU
		{3D5AFCCE-CB28-401C-83B0-20C0BA5FD8F3}.Debug|Any CPU.ActiveCfg = Debug|Any CPU
		{3D5AFCCE-CB28-401C-83B0-20C0BA5FD8F3}.Debug|Any CPU.Build.0 = Debug|Any CPU
		{3D5AFCCE-CB28-401C-83B0-20C0BA5FD8F3}.Release|Any CPU.ActiveCfg = Release|Any CPU
		{3D5AFCCE-CB28-401C-83B0-20C0BA5FD8F3}.Release|Any CPU.Build.0 = Release|Any CPU
		{996ECB47-004C-4216-BBDF-AE023DA3DF1F}.Debug|Any CPU.ActiveCfg = Debug|Any CPU
		{996ECB47-004C-4216-BBDF-AE023DA3DF1F}.Debug|Any CPU.Build.0 = Debug|Any CPU
		{996ECB47-004C-4216-BBDF-AE023DA3DF1F}.Release|Any CPU.ActiveCfg = Release|Any CPU
		{996ECB47-004C-4216-BBDF-AE023DA3DF1F}.Release|Any CPU.Build.0 = Release|Any CPU
		{04FA4D8A-D5D2-4477-8AED-021239CE95AE}.Debug|Any CPU.ActiveCfg = Debug|Any CPU
		{04FA4D8A-D5D2-4477-8AED-021239CE95AE}.Debug|Any CPU.Build.0 = Debug|Any CPU
		{04FA4D8A-D5D2-4477-8AED-021239CE95AE}.Release|Any CPU.ActiveCfg = Release|Any CPU
		{04FA4D8A-D5D2-4477-8AED-021239CE95AE}.Release|Any CPU.Build.0 = Release|Any CPU
	EndGlobalSection
	GlobalSection(SolutionProperties) = preSolution
		HideSolutionNode = FALSE
	EndGlobalSection
	GlobalSection(NestedProjects) = preSolution
		{45FB25BC-4826-4CD1-8FD0-B669176496E1} = {0F3E0065-6DC2-4310-A7C4-E81283247A48}
		{3473E273-6859-49B3-A782-E4C7A5BF51F4} = {0F3E0065-6DC2-4310-A7C4-E81283247A48}
		{2A15AF30-2919-42B1-95B4-CE0BFDB924FB} = {0F3E0065-6DC2-4310-A7C4-E81283247A48}
		{10A9A35A-9CEC-4271-AD68-65A9661638F6} = {0F3E0065-6DC2-4310-A7C4-E81283247A48}
		{081E0DB4-2B91-418E-A609-C1B70DDDFECB} = {0F3E0065-6DC2-4310-A7C4-E81283247A48}
		{AA825875-9CB0-4973-BB5C-CFC53962D1C2} = {0F3E0065-6DC2-4310-A7C4-E81283247A48}
		{2072B5A7-8069-433C-B4DB-E150C26E9A49} = {0F3E0065-6DC2-4310-A7C4-E81283247A48}
		{30781D26-C5B4-4F6F-B21D-F3357E43A192} = {0F3E0065-6DC2-4310-A7C4-E81283247A48}
		{B63C6F07-3D10-4A2D-8E78-87A8BF43220B} = {465C44E5-C33F-4367-8CAD-D27771E2EA18}
		{5C0547B8-FCA1-436B-B6DD-1061F04CAD36} = {465C44E5-C33F-4367-8CAD-D27771E2EA18}
		{3D5AFCCE-CB28-401C-83B0-20C0BA5FD8F3} = {465C44E5-C33F-4367-8CAD-D27771E2EA18}
		{996ECB47-004C-4216-BBDF-AE023DA3DF1F} = {465C44E5-C33F-4367-8CAD-D27771E2EA18}
		{04FA4D8A-D5D2-4477-8AED-021239CE95AE} = {465C44E5-C33F-4367-8CAD-D27771E2EA18}
	EndGlobalSection
	GlobalSection(ExtensibilityGlobals) = postSolution
		SolutionGuid = {F4D2648D-F5E6-45B2-A9B0-840758F3C6EB}
	EndGlobalSection
EndGlobal
