
Microsoft Visual Studio Solution File, Format Version 12.00
# Visual Studio 15
VisualStudioVersion = 15.0.27130.2027
MinimumVisualStudioVersion = 10.0.40219.1
Project("{2150E333-8FDC-42A3-9474-1A3956D46DE8}") = "Core Providers", "Core Providers", "{0F3E0065-6DC2-4310-A7C4-E81283247A48}"
	ProjectSection(SolutionItems) = preProject
		Source\Core Providers\README.md = Source\Core Providers\README.md
	EndProjectSection
EndProject
Project("{FAE04EC0-301F-11D3-BF4B-00C04F79EFBC}") = "DTOs", "Source\DataObjects\DTOs.csproj", "{81851977-0421-4EBD-B066-0FE03F02589E}"
EndProject
Project("{FAE04EC0-301F-11D3-BF4B-00C04F79EFBC}") = "ProviderInterface", "Source\ProviderInterface\ProviderInterface.csproj", "{F6EAF2BC-F362-4ECD-94E5-617CA37A4210}"
EndProject
Project("{FAE04EC0-301F-11D3-BF4B-00C04F79EFBC}") = "Core", "Source\Core\Core.csproj", "{D9447B59-4B62-4BD8-BE91-5F5AB1D8F1BD}"
EndProject
Project("{FAE04EC0-301F-11D3-BF4B-00C04F79EFBC}") = "TestApp", "Source\TestApp\TestApp.csproj", "{5127F99D-BEFF-45AC-A52C-9C0BE6DE1F70}"
	ProjectSection(ProjectDependencies) = postProject
		{3473E273-6859-49B3-A782-E4C7A5BF51F4} = {3473E273-6859-49B3-A782-E4C7A5BF51F4}
		{F6EAF2BC-F362-4ECD-94E5-617CA37A4210} = {F6EAF2BC-F362-4ECD-94E5-617CA37A4210}
	EndProjectSection
EndProject
Project("{FAE04EC0-301F-11D3-BF4B-00C04F79EFBC}") = "Core_Interception", "Source\Core Providers\Core_Interception\Core_Interception.csproj", "{3473E273-6859-49B3-A782-E4C7A5BF51F4}"
EndProject
Project("{2150E333-8FDC-42A3-9474-1A3956D46DE8}") = "Provider Libraries", "Provider Libraries", "{465C44E5-C33F-4367-8CAD-D27771E2EA18}"
	ProjectSection(SolutionItems) = preProject
		Source\Provider Libraries\README.md = Source\Provider Libraries\README.md
	EndProjectSection
EndProject
Project("{FAE04EC0-301F-11D3-BF4B-00C04F79EFBC}") = "ProviderLogger", "Source\Provider Libraries\ProviderLogger\ProviderLogger.csproj", "{996ECB47-004C-4216-BBDF-AE023DA3DF1F}"
EndProject
Project("{FAE04EC0-301F-11D3-BF4B-00C04F79EFBC}") = "SubscriptionHandler", "Source\Provider Libraries\Subscription Handling\SubscriptionHandler\SubscriptionHandler.csproj", "{C9639380-2F3D-4BA2-907C-9EAC1C583EF9}"
EndProject
Project("{2150E333-8FDC-42A3-9474-1A3956D46DE8}") = "Subscription Handling", "Subscription Handling", "{E9CB7CE2-548F-45DC-A0F7-FEC41DA973CA}"
	ProjectSection(SolutionItems) = preProject
		Source\Provider Libraries\Subscription Handling\README.md = Source\Provider Libraries\Subscription Handling\README.md
	EndProjectSection
EndProject
Project("{FAE04EC0-301F-11D3-BF4B-00C04F79EFBC}") = "EmptyEventDictionary", "Source\Provider Libraries\Subscription Handling\EmptyEventDictionary\EmptyEventDictionary.csproj", "{36BB4AB9-0867-47F8-B813-D37537551111}"
EndProject
Project("{2150E333-8FDC-42A3-9474-1A3956D46DE8}") = "Device Update Handling", "Device Update Handling", "{2B04244D-69F7-4580-B2BC-6E49061FA5D0}"
	ProjectSection(SolutionItems) = preProject
		Source\Provider Libraries\Device Update Handling\README.md = Source\Provider Libraries\Device Update Handling\README.md
	EndProjectSection
EndProject
Project("{2150E333-8FDC-42A3-9474-1A3956D46DE8}") = "Device Querying", "Device Querying", "{E2F8AC3D-1396-4B33-A3D5-4BE8B06E2DD2}"
	ProjectSection(SolutionItems) = preProject
		Source\Provider Libraries\Device Querying\README.md = Source\Provider Libraries\Device Querying\README.md
	EndProjectSection
EndProject
Project("{FAE04EC0-301F-11D3-BF4B-00C04F79EFBC}") = "DeviceLibrary", "Source\Provider Libraries\Device Querying\DeviceLibrary\DeviceLibrary.csproj", "{462785B6-CF57-4BA8-8AAB-D226E75E2C3C}"
EndProject
Project("{FAE04EC0-301F-11D3-BF4B-00C04F79EFBC}") = "HidDeviceHelper", "Source\Provider Libraries\Device Querying\HidDeviceHelper\HidDeviceHelper.csproj", "{5C0547B8-FCA1-436B-B6DD-1061F04CAD36}"
EndProject
Project("{FAE04EC0-301F-11D3-BF4B-00C04F79EFBC}") = "PovHelper", "Source\Provider Libraries\Device Update Handling\PovHelper\PovHelper.csproj", "{9E4C03D5-58D8-4369-A7FA-BB4C307AF905}"
EndProject
Project("{FAE04EC0-301F-11D3-BF4B-00C04F79EFBC}") = "Tests", "Source\Provider Libraries\Subscription Handling\SubscriptionHandlingTests\Tests.csproj", "{8B96520E-4A73-4CC0-BBAB-5F8E34FA8326}"
EndProject
Project("{FAE04EC0-301F-11D3-BF4B-00C04F79EFBC}") = "DeviceHandlers", "Source\Provider Libraries\Device Update Handling\DeviceHandlers\DeviceHandlers.csproj", "{04FA4D8A-D5D2-4477-8AED-021239CE95AE}"
EndProject
Global
	GlobalSection(SolutionConfigurationPlatforms) = preSolution
		Debug|Any CPU = Debug|Any CPU
		Release|Any CPU = Release|Any CPU
	EndGlobalSection
	GlobalSection(ProjectConfigurationPlatforms) = postSolution
		{81851977-0421-4EBD-B066-0FE03F02589E}.Debug|Any CPU.ActiveCfg = Debug|Any CPU
		{81851977-0421-4EBD-B066-0FE03F02589E}.Debug|Any CPU.Build.0 = Debug|Any CPU
		{81851977-0421-4EBD-B066-0FE03F02589E}.Release|Any CPU.ActiveCfg = Release|Any CPU
		{81851977-0421-4EBD-B066-0FE03F02589E}.Release|Any CPU.Build.0 = Release|Any CPU
		{F6EAF2BC-F362-4ECD-94E5-617CA37A4210}.Debug|Any CPU.ActiveCfg = Debug|Any CPU
		{F6EAF2BC-F362-4ECD-94E5-617CA37A4210}.Debug|Any CPU.Build.0 = Debug|Any CPU
		{F6EAF2BC-F362-4ECD-94E5-617CA37A4210}.Release|Any CPU.ActiveCfg = Release|Any CPU
		{F6EAF2BC-F362-4ECD-94E5-617CA37A4210}.Release|Any CPU.Build.0 = Release|Any CPU
		{D9447B59-4B62-4BD8-BE91-5F5AB1D8F1BD}.Debug|Any CPU.ActiveCfg = Debug|Any CPU
		{D9447B59-4B62-4BD8-BE91-5F5AB1D8F1BD}.Debug|Any CPU.Build.0 = Debug|Any CPU
		{D9447B59-4B62-4BD8-BE91-5F5AB1D8F1BD}.Release|Any CPU.ActiveCfg = Release|Any CPU
		{D9447B59-4B62-4BD8-BE91-5F5AB1D8F1BD}.Release|Any CPU.Build.0 = Release|Any CPU
		{5127F99D-BEFF-45AC-A52C-9C0BE6DE1F70}.Debug|Any CPU.ActiveCfg = Debug|Any CPU
		{5127F99D-BEFF-45AC-A52C-9C0BE6DE1F70}.Debug|Any CPU.Build.0 = Debug|Any CPU
		{5127F99D-BEFF-45AC-A52C-9C0BE6DE1F70}.Release|Any CPU.ActiveCfg = Release|Any CPU
		{5127F99D-BEFF-45AC-A52C-9C0BE6DE1F70}.Release|Any CPU.Build.0 = Release|Any CPU
		{3473E273-6859-49B3-A782-E4C7A5BF51F4}.Debug|Any CPU.ActiveCfg = Debug|Any CPU
		{3473E273-6859-49B3-A782-E4C7A5BF51F4}.Debug|Any CPU.Build.0 = Debug|Any CPU
		{3473E273-6859-49B3-A782-E4C7A5BF51F4}.Release|Any CPU.ActiveCfg = Release|Any CPU
		{3473E273-6859-49B3-A782-E4C7A5BF51F4}.Release|Any CPU.Build.0 = Release|Any CPU
		{996ECB47-004C-4216-BBDF-AE023DA3DF1F}.Debug|Any CPU.ActiveCfg = Debug|Any CPU
		{996ECB47-004C-4216-BBDF-AE023DA3DF1F}.Debug|Any CPU.Build.0 = Debug|Any CPU
		{996ECB47-004C-4216-BBDF-AE023DA3DF1F}.Release|Any CPU.ActiveCfg = Release|Any CPU
		{996ECB47-004C-4216-BBDF-AE023DA3DF1F}.Release|Any CPU.Build.0 = Release|Any CPU
		{C9639380-2F3D-4BA2-907C-9EAC1C583EF9}.Debug|Any CPU.ActiveCfg = Debug|Any CPU
		{C9639380-2F3D-4BA2-907C-9EAC1C583EF9}.Debug|Any CPU.Build.0 = Debug|Any CPU
		{C9639380-2F3D-4BA2-907C-9EAC1C583EF9}.Release|Any CPU.ActiveCfg = Release|Any CPU
		{C9639380-2F3D-4BA2-907C-9EAC1C583EF9}.Release|Any CPU.Build.0 = Release|Any CPU
		{36BB4AB9-0867-47F8-B813-D37537551111}.Debug|Any CPU.ActiveCfg = Debug|Any CPU
		{36BB4AB9-0867-47F8-B813-D37537551111}.Debug|Any CPU.Build.0 = Debug|Any CPU
		{36BB4AB9-0867-47F8-B813-D37537551111}.Release|Any CPU.ActiveCfg = Release|Any CPU
		{36BB4AB9-0867-47F8-B813-D37537551111}.Release|Any CPU.Build.0 = Release|Any CPU
		{462785B6-CF57-4BA8-8AAB-D226E75E2C3C}.Debug|Any CPU.ActiveCfg = Debug|Any CPU
		{462785B6-CF57-4BA8-8AAB-D226E75E2C3C}.Debug|Any CPU.Build.0 = Debug|Any CPU
		{462785B6-CF57-4BA8-8AAB-D226E75E2C3C}.Release|Any CPU.ActiveCfg = Release|Any CPU
		{462785B6-CF57-4BA8-8AAB-D226E75E2C3C}.Release|Any CPU.Build.0 = Release|Any CPU
		{5C0547B8-FCA1-436B-B6DD-1061F04CAD36}.Debug|Any CPU.ActiveCfg = Debug|Any CPU
		{5C0547B8-FCA1-436B-B6DD-1061F04CAD36}.Debug|Any CPU.Build.0 = Debug|Any CPU
		{5C0547B8-FCA1-436B-B6DD-1061F04CAD36}.Release|Any CPU.ActiveCfg = Release|Any CPU
		{5C0547B8-FCA1-436B-B6DD-1061F04CAD36}.Release|Any CPU.Build.0 = Release|Any CPU
		{9E4C03D5-58D8-4369-A7FA-BB4C307AF905}.Debug|Any CPU.ActiveCfg = Debug|Any CPU
		{9E4C03D5-58D8-4369-A7FA-BB4C307AF905}.Debug|Any CPU.Build.0 = Debug|Any CPU
		{9E4C03D5-58D8-4369-A7FA-BB4C307AF905}.Release|Any CPU.ActiveCfg = Release|Any CPU
		{9E4C03D5-58D8-4369-A7FA-BB4C307AF905}.Release|Any CPU.Build.0 = Release|Any CPU
		{8B96520E-4A73-4CC0-BBAB-5F8E34FA8326}.Debug|Any CPU.ActiveCfg = Debug|Any CPU
		{8B96520E-4A73-4CC0-BBAB-5F8E34FA8326}.Debug|Any CPU.Build.0 = Debug|Any CPU
		{8B96520E-4A73-4CC0-BBAB-5F8E34FA8326}.Release|Any CPU.ActiveCfg = Release|Any CPU
		{8B96520E-4A73-4CC0-BBAB-5F8E34FA8326}.Release|Any CPU.Build.0 = Release|Any CPU
		{04FA4D8A-D5D2-4477-8AED-021239CE95AE}.Debug|Any CPU.ActiveCfg = Debug|Any CPU
		{04FA4D8A-D5D2-4477-8AED-021239CE95AE}.Debug|Any CPU.Build.0 = Debug|Any CPU
		{04FA4D8A-D5D2-4477-8AED-021239CE95AE}.Release|Any CPU.ActiveCfg = Release|Any CPU
		{04FA4D8A-D5D2-4477-8AED-021239CE95AE}.Release|Any CPU.Build.0 = Release|Any CPU
	EndGlobalSection
	GlobalSection(SolutionProperties) = preSolution
		HideSolutionNode = FALSE
	EndGlobalSection
	GlobalSection(NestedProjects) = preSolution
		{3473E273-6859-49B3-A782-E4C7A5BF51F4} = {0F3E0065-6DC2-4310-A7C4-E81283247A48}
		{996ECB47-004C-4216-BBDF-AE023DA3DF1F} = {465C44E5-C33F-4367-8CAD-D27771E2EA18}
		{C9639380-2F3D-4BA2-907C-9EAC1C583EF9} = {E9CB7CE2-548F-45DC-A0F7-FEC41DA973CA}
		{E9CB7CE2-548F-45DC-A0F7-FEC41DA973CA} = {465C44E5-C33F-4367-8CAD-D27771E2EA18}
		{36BB4AB9-0867-47F8-B813-D37537551111} = {E9CB7CE2-548F-45DC-A0F7-FEC41DA973CA}
		{2B04244D-69F7-4580-B2BC-6E49061FA5D0} = {465C44E5-C33F-4367-8CAD-D27771E2EA18}
		{E2F8AC3D-1396-4B33-A3D5-4BE8B06E2DD2} = {465C44E5-C33F-4367-8CAD-D27771E2EA18}
		{462785B6-CF57-4BA8-8AAB-D226E75E2C3C} = {E2F8AC3D-1396-4B33-A3D5-4BE8B06E2DD2}
		{5C0547B8-FCA1-436B-B6DD-1061F04CAD36} = {E2F8AC3D-1396-4B33-A3D5-4BE8B06E2DD2}
		{9E4C03D5-58D8-4369-A7FA-BB4C307AF905} = {2B04244D-69F7-4580-B2BC-6E49061FA5D0}
		{8B96520E-4A73-4CC0-BBAB-5F8E34FA8326} = {E9CB7CE2-548F-45DC-A0F7-FEC41DA973CA}
		{04FA4D8A-D5D2-4477-8AED-021239CE95AE} = {2B04244D-69F7-4580-B2BC-6E49061FA5D0}
	EndGlobalSection
	GlobalSection(ExtensibilityGlobals) = postSolution
		SolutionGuid = {F4D2648D-F5E6-45B2-A9B0-840758F3C6EB}
	EndGlobalSection
EndGlobal
