
Microsoft Visual Studio Solution File, Format Version 12.00
# Visual Studio 14
VisualStudioVersion = 14.0.25420.1
MinimumVisualStudioVersion = 10.0.40219.1
Project("{FAE04EC0-301F-11D3-BF4B-00C04F79EFBC}") = "IOWrapper", "IOWrapper\IOWrapper.csproj", "{D9447B59-4B62-4BD8-BE91-5F5AB1D8F1BD}"
EndProject
Project("{2150E333-8FDC-42A3-9474-1A3956D46DE8}") = "Core Plugins", "Core Plugins", "{4F0B7CB7-EEFC-4ED4-BD4E-9D2301C1526C}"
EndProject
Project("{FAE04EC0-301F-11D3-BF4B-00C04F79EFBC}") = "FirstPlugin", "..\Core Plugins\FirstPlugin\FirstPlugin.csproj", "{7F51E2C7-63C6-4A10-BA55-84E63805947A}"
EndProject
Project("{FAE04EC0-301F-11D3-BF4B-00C04F79EFBC}") = "PluginContracts", "PluginContracts\PluginContracts.csproj", "{F6EAF2BC-F362-4ECD-94E5-617CA37A4210}"
EndProject
Project("{FAE04EC0-301F-11D3-BF4B-00C04F79EFBC}") = "TestApp", "TestApp\TestApp.csproj", "{5127F99D-BEFF-45AC-A52C-9C0BE6DE1F70}"
EndProject
Global
	GlobalSection(SolutionConfigurationPlatforms) = preSolution
		Debug|Any CPU = Debug|Any CPU
		Release|Any CPU = Release|Any CPU
	EndGlobalSection
	GlobalSection(ProjectConfigurationPlatforms) = postSolution
		{D9447B59-4B62-4BD8-BE91-5F5AB1D8F1BD}.Debug|Any CPU.ActiveCfg = Debug|Any CPU
		{D9447B59-4B62-4BD8-BE91-5F5AB1D8F1BD}.Debug|Any CPU.Build.0 = Debug|Any CPU
		{D9447B59-4B62-4BD8-BE91-5F5AB1D8F1BD}.Release|Any CPU.ActiveCfg = Release|Any CPU
		{D9447B59-4B62-4BD8-BE91-5F5AB1D8F1BD}.Release|Any CPU.Build.0 = Release|Any CPU
		{7F51E2C7-63C6-4A10-BA55-84E63805947A}.Debug|Any CPU.ActiveCfg = Debug|Any CPU
		{7F51E2C7-63C6-4A10-BA55-84E63805947A}.Debug|Any CPU.Build.0 = Debug|Any CPU
		{7F51E2C7-63C6-4A10-BA55-84E63805947A}.Release|Any CPU.ActiveCfg = Release|Any CPU
		{7F51E2C7-63C6-4A10-BA55-84E63805947A}.Release|Any CPU.Build.0 = Release|Any CPU
		{F6EAF2BC-F362-4ECD-94E5-617CA37A4210}.Debug|Any CPU.ActiveCfg = Debug|Any CPU
		{F6EAF2BC-F362-4ECD-94E5-617CA37A4210}.Debug|Any CPU.Build.0 = Debug|Any CPU
		{F6EAF2BC-F362-4ECD-94E5-617CA37A4210}.Release|Any CPU.ActiveCfg = Release|Any CPU
		{F6EAF2BC-F362-4ECD-94E5-617CA37A4210}.Release|Any CPU.Build.0 = Release|Any CPU
		{5127F99D-BEFF-45AC-A52C-9C0BE6DE1F70}.Debug|Any CPU.ActiveCfg = Debug|Any CPU
		{5127F99D-BEFF-45AC-A52C-9C0BE6DE1F70}.Debug|Any CPU.Build.0 = Debug|Any CPU
		{5127F99D-BEFF-45AC-A52C-9C0BE6DE1F70}.Release|Any CPU.ActiveCfg = Release|Any CPU
		{5127F99D-BEFF-45AC-A52C-9C0BE6DE1F70}.Release|Any CPU.Build.0 = Release|Any CPU
	EndGlobalSection
	GlobalSection(SolutionProperties) = preSolution
		HideSolutionNode = FALSE
	EndGlobalSection
	GlobalSection(NestedProjects) = preSolution
		{7F51E2C7-63C6-4A10-BA55-84E63805947A} = {4F0B7CB7-EEFC-4ED4-BD4E-9D2301C1526C}
	EndGlobalSection
EndGlobal
