
Microsoft Visual Studio Solution File, Format Version 12.00
# Visual Studio 14
VisualStudioVersion = 14.0.25420.1
MinimumVisualStudioVersion = 10.0.40219.1
Project("{FAE04EC0-301F-11D3-BF4B-00C04F79EFBC}") = "IOController", "IOController\IOController.csproj", "{D9447B59-4B62-4BD8-BE91-5F5AB1D8F1BD}"
	ProjectSection(ProjectDependencies) = postProject
		{10A9A35A-9CEC-4271-AD68-65A9661638F6} = {10A9A35A-9CEC-4271-AD68-65A9661638F6}
		{3473E273-6859-49B3-A782-E4C7A5BF51F4} = {3473E273-6859-49B3-A782-E4C7A5BF51F4}
		{AA825875-9CB0-4973-BB5C-CFC53962D1C2} = {AA825875-9CB0-4973-BB5C-CFC53962D1C2}
		{2072B5A7-8069-433C-B4DB-E150C26E9A49} = {2072B5A7-8069-433C-B4DB-E150C26E9A49}
	EndProjectSection
EndProject
Project("{FAE04EC0-301F-11D3-BF4B-00C04F79EFBC}") = "TestApp", "..\TestApp\TestApp.csproj", "{5127F99D-BEFF-45AC-A52C-9C0BE6DE1F70}"
EndProject
Project("{2150E333-8FDC-42A3-9474-1A3956D46DE8}") = "Core Providers", "Core Providers", "{0F3E0065-6DC2-4310-A7C4-E81283247A48}"
EndProject
Project("{FAE04EC0-301F-11D3-BF4B-00C04F79EFBC}") = "Core_vJoyInterfaceWrap", "..\Core Providers\Core_vJoyInterfaceWrap\Core_vJoyInterfaceWrap.csproj", "{10A9A35A-9CEC-4271-AD68-65A9661638F6}"
EndProject
Project("{FAE04EC0-301F-11D3-BF4B-00C04F79EFBC}") = "SharpDX_DirectInput", "..\Core Providers\SharpDX_DirectInput\SharpDX_DirectInput.csproj", "{AA825875-9CB0-4973-BB5C-CFC53962D1C2}"
EndProject
Project("{FAE04EC0-301F-11D3-BF4B-00C04F79EFBC}") = "SharpDX_XInput", "..\Core Providers\SharpDX_XInput\SharpDX_XInput.csproj", "{2072B5A7-8069-433C-B4DB-E150C26E9A49}"
EndProject
Project("{FAE04EC0-301F-11D3-BF4B-00C04F79EFBC}") = "Core_Interception", "..\Core Providers\Core_Interception\Core_Interception.csproj", "{3473E273-6859-49B3-A782-E4C7A5BF51F4}"
EndProject
Project("{FAE04EC0-301F-11D3-BF4B-00C04F79EFBC}") = "Core_Tobii_Interaction", "..\Core Providers\Core_Tobii_Interaction\Core_Tobii_Interaction.csproj", "{4CBA4863-015B-43E4-804B-199A198DD046}"
EndProject
Project("{FAE04EC0-301F-11D3-BF4B-00C04F79EFBC}") = "Core_ViGEm", "..\Core Providers\Core_ViGEm\Core_ViGEm.csproj", "{2A15AF30-2919-42B1-95B4-CE0BFDB924FB}"
EndProject
Project("{FAE04EC0-301F-11D3-BF4B-00C04F79EFBC}") = "TobiiLean", "..\TobiiLean\TobiiLean.csproj", "{73587511-24E0-41A4-822D-38131484653C}"
EndProject
Project("{FAE04EC0-301F-11D3-BF4B-00C04F79EFBC}") = "Core_TitanOne", "..\Core Providers\Core_TitanOne\Core_TitanOne.csproj", "{081E0DB4-2B91-418E-A609-C1B70DDDFECB}"
EndProject
Project("{FAE04EC0-301F-11D3-BF4B-00C04F79EFBC}") = "Providers", "..\IProvider\Providers.csproj", "{F6EAF2BC-F362-4ECD-94E5-617CA37A4210}"
EndProject
Global
	GlobalSection(SolutionConfigurationPlatforms) = preSolution
		Debug|Any CPU = Debug|Any CPU
		Release|Any CPU = Release|Any CPU
	EndGlobalSection
	GlobalSection(ProjectConfigurationPlatforms) = postSolution
		{D9447B59-4B62-4BD8-BE91-5F5AB1D8F1BD}.Debug|Any CPU.ActiveCfg = Debug|Any CPU
		{D9447B59-4B62-4BD8-BE91-5F5AB1D8F1BD}.Debug|Any CPU.Build.0 = Debug|Any CPU
		{D9447B59-4B62-4BD8-BE91-5F5AB1D8F1BD}.Release|Any CPU.ActiveCfg = Release|Any CPU
		{D9447B59-4B62-4BD8-BE91-5F5AB1D8F1BD}.Release|Any CPU.Build.0 = Release|Any CPU
		{5127F99D-BEFF-45AC-A52C-9C0BE6DE1F70}.Debug|Any CPU.ActiveCfg = Debug|Any CPU
		{5127F99D-BEFF-45AC-A52C-9C0BE6DE1F70}.Debug|Any CPU.Build.0 = Debug|Any CPU
		{5127F99D-BEFF-45AC-A52C-9C0BE6DE1F70}.Release|Any CPU.ActiveCfg = Release|Any CPU
		{5127F99D-BEFF-45AC-A52C-9C0BE6DE1F70}.Release|Any CPU.Build.0 = Release|Any CPU
		{10A9A35A-9CEC-4271-AD68-65A9661638F6}.Debug|Any CPU.ActiveCfg = Debug|Any CPU
		{10A9A35A-9CEC-4271-AD68-65A9661638F6}.Debug|Any CPU.Build.0 = Debug|Any CPU
		{10A9A35A-9CEC-4271-AD68-65A9661638F6}.Release|Any CPU.ActiveCfg = Release|Any CPU
		{10A9A35A-9CEC-4271-AD68-65A9661638F6}.Release|Any CPU.Build.0 = Release|Any CPU
		{AA825875-9CB0-4973-BB5C-CFC53962D1C2}.Debug|Any CPU.ActiveCfg = Debug|Any CPU
		{AA825875-9CB0-4973-BB5C-CFC53962D1C2}.Debug|Any CPU.Build.0 = Debug|Any CPU
		{AA825875-9CB0-4973-BB5C-CFC53962D1C2}.Release|Any CPU.ActiveCfg = Release|Any CPU
		{AA825875-9CB0-4973-BB5C-CFC53962D1C2}.Release|Any CPU.Build.0 = Release|Any CPU
		{2072B5A7-8069-433C-B4DB-E150C26E9A49}.Debug|Any CPU.ActiveCfg = Debug|Any CPU
		{2072B5A7-8069-433C-B4DB-E150C26E9A49}.Debug|Any CPU.Build.0 = Debug|Any CPU
		{2072B5A7-8069-433C-B4DB-E150C26E9A49}.Release|Any CPU.ActiveCfg = Release|Any CPU
		{2072B5A7-8069-433C-B4DB-E150C26E9A49}.Release|Any CPU.Build.0 = Release|Any CPU
		{3473E273-6859-49B3-A782-E4C7A5BF51F4}.Debug|Any CPU.ActiveCfg = Debug|Any CPU
		{3473E273-6859-49B3-A782-E4C7A5BF51F4}.Debug|Any CPU.Build.0 = Debug|Any CPU
		{3473E273-6859-49B3-A782-E4C7A5BF51F4}.Release|Any CPU.ActiveCfg = Release|Any CPU
		{3473E273-6859-49B3-A782-E4C7A5BF51F4}.Release|Any CPU.Build.0 = Release|Any CPU
		{4CBA4863-015B-43E4-804B-199A198DD046}.Debug|Any CPU.ActiveCfg = Debug|Any CPU
		{4CBA4863-015B-43E4-804B-199A198DD046}.Debug|Any CPU.Build.0 = Debug|Any CPU
		{4CBA4863-015B-43E4-804B-199A198DD046}.Release|Any CPU.ActiveCfg = Release|Any CPU
		{4CBA4863-015B-43E4-804B-199A198DD046}.Release|Any CPU.Build.0 = Release|Any CPU
		{2A15AF30-2919-42B1-95B4-CE0BFDB924FB}.Debug|Any CPU.ActiveCfg = Debug|Any CPU
		{2A15AF30-2919-42B1-95B4-CE0BFDB924FB}.Debug|Any CPU.Build.0 = Debug|Any CPU
		{2A15AF30-2919-42B1-95B4-CE0BFDB924FB}.Release|Any CPU.ActiveCfg = Release|Any CPU
		{2A15AF30-2919-42B1-95B4-CE0BFDB924FB}.Release|Any CPU.Build.0 = Release|Any CPU
		{73587511-24E0-41A4-822D-38131484653C}.Debug|Any CPU.ActiveCfg = Debug|Any CPU
		{73587511-24E0-41A4-822D-38131484653C}.Debug|Any CPU.Build.0 = Debug|Any CPU
		{73587511-24E0-41A4-822D-38131484653C}.Release|Any CPU.ActiveCfg = Release|Any CPU
		{73587511-24E0-41A4-822D-38131484653C}.Release|Any CPU.Build.0 = Release|Any CPU
		{081E0DB4-2B91-418E-A609-C1B70DDDFECB}.Debug|Any CPU.ActiveCfg = Debug|Any CPU
		{081E0DB4-2B91-418E-A609-C1B70DDDFECB}.Debug|Any CPU.Build.0 = Debug|Any CPU
		{081E0DB4-2B91-418E-A609-C1B70DDDFECB}.Release|Any CPU.ActiveCfg = Release|Any CPU
		{081E0DB4-2B91-418E-A609-C1B70DDDFECB}.Release|Any CPU.Build.0 = Release|Any CPU
		{F6EAF2BC-F362-4ECD-94E5-617CA37A4210}.Debug|Any CPU.ActiveCfg = Debug|Any CPU
		{F6EAF2BC-F362-4ECD-94E5-617CA37A4210}.Debug|Any CPU.Build.0 = Debug|Any CPU
		{F6EAF2BC-F362-4ECD-94E5-617CA37A4210}.Release|Any CPU.ActiveCfg = Release|Any CPU
		{F6EAF2BC-F362-4ECD-94E5-617CA37A4210}.Release|Any CPU.Build.0 = Release|Any CPU
	EndGlobalSection
	GlobalSection(SolutionProperties) = preSolution
		HideSolutionNode = FALSE
	EndGlobalSection
	GlobalSection(NestedProjects) = preSolution
		{10A9A35A-9CEC-4271-AD68-65A9661638F6} = {0F3E0065-6DC2-4310-A7C4-E81283247A48}
		{AA825875-9CB0-4973-BB5C-CFC53962D1C2} = {0F3E0065-6DC2-4310-A7C4-E81283247A48}
		{2072B5A7-8069-433C-B4DB-E150C26E9A49} = {0F3E0065-6DC2-4310-A7C4-E81283247A48}
		{3473E273-6859-49B3-A782-E4C7A5BF51F4} = {0F3E0065-6DC2-4310-A7C4-E81283247A48}
		{4CBA4863-015B-43E4-804B-199A198DD046} = {0F3E0065-6DC2-4310-A7C4-E81283247A48}
		{2A15AF30-2919-42B1-95B4-CE0BFDB924FB} = {0F3E0065-6DC2-4310-A7C4-E81283247A48}
		{081E0DB4-2B91-418E-A609-C1B70DDDFECB} = {0F3E0065-6DC2-4310-A7C4-E81283247A48}
	EndGlobalSection
EndGlobal
